// !$*UTF8*$!
{
	archiveVersion = 1;
	classes = {
	};
	objectVersion = 51;
	objects = {

/* Begin PBXBuildFile section */
		700FB6BA26A32AD90080E3CF /* FavoriteListBuilder.swift in Sources */ = {isa = PBXBuildFile; fileRef = 700FB6B926A32AD90080E3CF /* FavoriteListBuilder.swift */; };
		700FB6BC26A32AE90080E3CF /* FavoriteListInteractor.swift in Sources */ = {isa = PBXBuildFile; fileRef = 700FB6BB26A32AE90080E3CF /* FavoriteListInteractor.swift */; };
		700FB6BE26A32AF50080E3CF /* FavoriteListPresenter.swift in Sources */ = {isa = PBXBuildFile; fileRef = 700FB6BD26A32AF50080E3CF /* FavoriteListPresenter.swift */; };
		700FB6C026A32B060080E3CF /* FavoriteListRouter.swift in Sources */ = {isa = PBXBuildFile; fileRef = 700FB6BF26A32B060080E3CF /* FavoriteListRouter.swift */; };
		700FB6C326A32B1D0080E3CF /* FavoriteListView.swift in Sources */ = {isa = PBXBuildFile; fileRef = 700FB6C226A32B1D0080E3CF /* FavoriteListView.swift */; };
		700FB6C626A330B90080E3CF /* PersistenceManager.swift in Sources */ = {isa = PBXBuildFile; fileRef = 700FB6C526A330B90080E3CF /* PersistenceManager.swift */; };
		700FB6C926A3398F0080E3CF /* PersistenceWorker.swift in Sources */ = {isa = PBXBuildFile; fileRef = 700FB6C826A3398F0080E3CF /* PersistenceWorker.swift */; };
		700FB6CB26A340300080E3CF /* PersistenceResource.swift in Sources */ = {isa = PBXBuildFile; fileRef = 700FB6CA26A340300080E3CF /* PersistenceResource.swift */; };
		700FB6CD26A35F110080E3CF /* FavoriteCell.swift in Sources */ = {isa = PBXBuildFile; fileRef = 700FB6CC26A35F110080E3CF /* FavoriteCell.swift */; };
		700FB6CF26A366B20080E3CF /* UITableViewCell+ Ext.swift in Sources */ = {isa = PBXBuildFile; fileRef = 700FB6CE26A366B20080E3CF /* UITableViewCell+ Ext.swift */; };
		700FB6D126A36AEC0080E3CF /* UICollectionView+Ext.swift in Sources */ = {isa = PBXBuildFile; fileRef = 700FB6D026A36AEC0080E3CF /* UICollectionView+Ext.swift */; };
		701C0485269671D10010A5DE /* FollowerCell.swift in Sources */ = {isa = PBXBuildFile; fileRef = 701C0484269671D10010A5DE /* FollowerCell.swift */; };
		701C0488269673840010A5DE /* FVCAvatarImageView.swift in Sources */ = {isa = PBXBuildFile; fileRef = 701C0487269673840010A5DE /* FVCAvatarImageView.swift */; };
		701C048A269692FB0010A5DE /* FollowerListViewDelegate.swift in Sources */ = {isa = PBXBuildFile; fileRef = 701C0489269692FB0010A5DE /* FollowerListViewDelegate.swift */; };
		701CBC1E2617BBEF00A5D951 /* UIViewController+Ext.swift in Sources */ = {isa = PBXBuildFile; fileRef = 701CBC1D2617BBEF00A5D951 /* UIViewController+Ext.swift */; };
		703CB5F3269A209300647057 /* UserInfoViewController.swift in Sources */ = {isa = PBXBuildFile; fileRef = 703CB5F2269A209300647057 /* UserInfoViewController.swift */; };
		703CB5F6269A20B800647057 /* UserInfoView.swift in Sources */ = {isa = PBXBuildFile; fileRef = 703CB5F5269A20B800647057 /* UserInfoView.swift */; };
		703CB5F8269A20E300647057 /* UserInfoBuilder.swift in Sources */ = {isa = PBXBuildFile; fileRef = 703CB5F7269A20E300647057 /* UserInfoBuilder.swift */; };
		703CB5FA269A20F300647057 /* UserInfoInteractor.swift in Sources */ = {isa = PBXBuildFile; fileRef = 703CB5F9269A20F300647057 /* UserInfoInteractor.swift */; };
		703CB5FC269A210300647057 /* UserInfoPresenter.swift in Sources */ = {isa = PBXBuildFile; fileRef = 703CB5FB269A210300647057 /* UserInfoPresenter.swift */; };
		703CB5FE269A211100647057 /* UserInfoRouter.swift in Sources */ = {isa = PBXBuildFile; fileRef = 703CB5FD269A211100647057 /* UserInfoRouter.swift */; };
		703CB601269A3BE300647057 /* UserInfoWorker.swift in Sources */ = {isa = PBXBuildFile; fileRef = 703CB600269A3BE300647057 /* UserInfoWorker.swift */; };
		704EEABF263441D200D40A36 /* NetworkManager.swift in Sources */ = {isa = PBXBuildFile; fileRef = 704EEABE263441D200D40A36 /* NetworkManager.swift */; };
		704EEAD52634499000D40A36 /* GithubURLBuilder .swift in Sources */ = {isa = PBXBuildFile; fileRef = 704EEAD42634499000D40A36 /* GithubURLBuilder .swift */; };
		704EEADF26344F1500D40A36 /* FVCError.swift in Sources */ = {isa = PBXBuildFile; fileRef = 704EEADE26344F1500D40A36 /* FVCError.swift */; };
		704EEB03263495E300D40A36 /* R.generated.swift in Sources */ = {isa = PBXBuildFile; fileRef = 704EEB02263495E300D40A36 /* R.generated.swift */; };
		704EEB0E263497ED00D40A36 /* Localizable.strings in Resources */ = {isa = PBXBuildFile; fileRef = 704EEB0D263497ED00D40A36 /* Localizable.strings */; };
		704EEB112634987000D40A36 /* R+Extensions.swift in Sources */ = {isa = PBXBuildFile; fileRef = 704EEB102634987000D40A36 /* R+Extensions.swift */; };
		704EEB142634995800D40A36 /* FollowerWorker.swift in Sources */ = {isa = PBXBuildFile; fileRef = 704EEB132634995800D40A36 /* FollowerWorker.swift */; };
		704EEB1A2634999700D40A36 /* FollowersListResult.swift in Sources */ = {isa = PBXBuildFile; fileRef = 704EEB192634999700D40A36 /* FollowersListResult.swift */; };
		704EEB1E26349E6B00D40A36 /* GithubResource.swift in Sources */ = {isa = PBXBuildFile; fileRef = 704EEB1D26349E6B00D40A36 /* GithubResource.swift */; };
		706F3BC9269C5A8B005AC02A /* String + Ext.swift in Sources */ = {isa = PBXBuildFile; fileRef = 706F3BC8269C5A8B005AC02A /* String + Ext.swift */; };
		706F3BCB269C5A9F005AC02A /* Date + Ext.swift in Sources */ = {isa = PBXBuildFile; fileRef = 706F3BCA269C5A9F005AC02A /* Date + Ext.swift */; };
		7098CA34261494F7000A60A0 /* FollowerListBuilder.swift in Sources */ = {isa = PBXBuildFile; fileRef = 7098CA33261494F7000A60A0 /* FollowerListBuilder.swift */; };
		7098CA3726149508000A60A0 /* FollowerListInteractor.swift in Sources */ = {isa = PBXBuildFile; fileRef = 7098CA3626149508000A60A0 /* FollowerListInteractor.swift */; };
		7098CA3A26149517000A60A0 /* FollowerListPresenter.swift in Sources */ = {isa = PBXBuildFile; fileRef = 7098CA3926149517000A60A0 /* FollowerListPresenter.swift */; };
		70A6E7742692583B00AC91FA /* FollowerListRouter.swift in Sources */ = {isa = PBXBuildFile; fileRef = 70A6E7732692583B00AC91FA /* FollowerListRouter.swift */; };
		70A6E7762692615000AC91FA /* SearchViewDelegate.swift in Sources */ = {isa = PBXBuildFile; fileRef = 70A6E7752692615000AC91FA /* SearchViewDelegate.swift */; };
		70B7328B269B85EA00B3A09A /* FVCSubtitleLabel.swift in Sources */ = {isa = PBXBuildFile; fileRef = 70B7328A269B85EA00B3A09A /* FVCSubtitleLabel.swift */; };
		70B7328D269B922300B3A09A /* UserInfoViewDelegate.swift in Sources */ = {isa = PBXBuildFile; fileRef = 70B7328C269B922300B3A09A /* UserInfoViewDelegate.swift */; };
		70B7328F269B938800B3A09A /* SFSymbols.swift in Sources */ = {isa = PBXBuildFile; fileRef = 70B7328E269B938800B3A09A /* SFSymbols.swift */; };
		70B73291269B99D700B3A09A /* FVCCardView.swift in Sources */ = {isa = PBXBuildFile; fileRef = 70B73290269B99D700B3A09A /* FVCCardView.swift */; };
		70B73293269B9DF500B3A09A /* UIColor+Ext.swift in Sources */ = {isa = PBXBuildFile; fileRef = 70B73292269B9DF500B3A09A /* UIColor+Ext.swift */; };
		70B73295269BA04B00B3A09A /* FVCItemInfoView.swift in Sources */ = {isa = PBXBuildFile; fileRef = 70B73294269BA04B00B3A09A /* FVCItemInfoView.swift */; };
		70B73297269BAF4300B3A09A /* CardItemTwo.swift in Sources */ = {isa = PBXBuildFile; fileRef = 70B73296269BAF4300B3A09A /* CardItemTwo.swift */; };
		70B73299269BB88A00B3A09A /* CardItemOne.swift in Sources */ = {isa = PBXBuildFile; fileRef = 70B73298269BB88A00B3A09A /* CardItemOne.swift */; };
		70D0AAC42610BF1B0045B210 /* AppDelegate.swift in Sources */ = {isa = PBXBuildFile; fileRef = 70D0AAC32610BF1B0045B210 /* AppDelegate.swift */; };
		70D0AAC62610BF1B0045B210 /* SceneDelegate.swift in Sources */ = {isa = PBXBuildFile; fileRef = 70D0AAC52610BF1B0045B210 /* SceneDelegate.swift */; };
		70D0AACD2610BF1C0045B210 /* Assets.xcassets in Resources */ = {isa = PBXBuildFile; fileRef = 70D0AACC2610BF1C0045B210 /* Assets.xcassets */; };
		70D0AAD02610BF1C0045B210 /* LaunchScreen.storyboard in Resources */ = {isa = PBXBuildFile; fileRef = 70D0AACE2610BF1C0045B210 /* LaunchScreen.storyboard */; };
		70D76C5A26992DCC00E71B23 /* FVCEmptyStateView.swift in Sources */ = {isa = PBXBuildFile; fileRef = 70D76C5926992DCC00E71B23 /* FVCEmptyStateView.swift */; };
		70DEBC7E2698B1EA00FBD477 /* UIImageView.swift in Sources */ = {isa = PBXBuildFile; fileRef = 70DEBC7D2698B1EA00FBD477 /* UIImageView.swift */; };
		70DFC7FF262CF0AB00A17501 /* Follower.swift in Sources */ = {isa = PBXBuildFile; fileRef = 70DFC7FE262CF0AB00A17501 /* Follower.swift */; };
		70DFC803262CF16800A17501 /* User.swift in Sources */ = {isa = PBXBuildFile; fileRef = 70DFC802262CF16800A17501 /* User.swift */; };
		70F9EF802610D49E0090BC9D /* SearchViewController.swift in Sources */ = {isa = PBXBuildFile; fileRef = 70F9EF7F2610D49E0090BC9D /* SearchViewController.swift */; };
		70F9EF832610D4D80090BC9D /* FavoriteListVC.swift in Sources */ = {isa = PBXBuildFile; fileRef = 70F9EF822610D4D80090BC9D /* FavoriteListVC.swift */; };
		70F9EF882610DA3E0090BC9D /* FVCButton.swift in Sources */ = {isa = PBXBuildFile; fileRef = 70F9EF872610DA3E0090BC9D /* FVCButton.swift */; };
		70F9EF8C2610DE860090BC9D /* FVCTextField.swift in Sources */ = {isa = PBXBuildFile; fileRef = 70F9EF8B2610DE860090BC9D /* FVCTextField.swift */; };
		70F9EF902610E2080090BC9D /* SearchView.swift in Sources */ = {isa = PBXBuildFile; fileRef = 70F9EF8F2610E2080090BC9D /* SearchView.swift */; };
		70F9EF992610E9EA0090BC9D /* ViewCodeProtocol.swift in Sources */ = {isa = PBXBuildFile; fileRef = 70F9EF982610E9EA0090BC9D /* ViewCodeProtocol.swift */; };
		70F9EF9D2610FAF30090BC9D /* FollowerListViewController.swift in Sources */ = {isa = PBXBuildFile; fileRef = 70F9EF9C2610FAF30090BC9D /* FollowerListViewController.swift */; };
		70F9EFA22610FB1E0090BC9D /* FollowerListView.swift in Sources */ = {isa = PBXBuildFile; fileRef = 70F9EFA12610FB1E0090BC9D /* FollowerListView.swift */; };
		70F9EFA62610FD000090BC9D /* SearchBuilder.swift in Sources */ = {isa = PBXBuildFile; fileRef = 70F9EFA52610FD000090BC9D /* SearchBuilder.swift */; };
		70F9EFA92610FD150090BC9D /* SearchInteractor.swift in Sources */ = {isa = PBXBuildFile; fileRef = 70F9EFA82610FD150090BC9D /* SearchInteractor.swift */; };
		70F9EFAC2610FD290090BC9D /* SearchPresenter.swift in Sources */ = {isa = PBXBuildFile; fileRef = 70F9EFAB2610FD290090BC9D /* SearchPresenter.swift */; };
		70F9EFAF2610FD440090BC9D /* SearchRouter.swift in Sources */ = {isa = PBXBuildFile; fileRef = 70F9EFAE2610FD440090BC9D /* SearchRouter.swift */; };
		70F9EFB82611401E0090BC9D /* FVCTitleLabel.swift in Sources */ = {isa = PBXBuildFile; fileRef = 70F9EFB72611401E0090BC9D /* FVCTitleLabel.swift */; };
		70F9EFBB2611416B0090BC9D /* FVCBodyLabel.swift in Sources */ = {isa = PBXBuildFile; fileRef = 70F9EFBA2611416B0090BC9D /* FVCBodyLabel.swift */; };
		70F9EFBF261142700090BC9D /* FVCAlertVC.swift in Sources */ = {isa = PBXBuildFile; fileRef = 70F9EFBE261142700090BC9D /* FVCAlertVC.swift */; };
		70F9EFC4261142D30090BC9D /* FVCAlertView.swift in Sources */ = {isa = PBXBuildFile; fileRef = 70F9EFC3261142D30090BC9D /* FVCAlertView.swift */; };
		F929C0248D83DBA10EF156B3 /* Pods_FollowersViewCode.framework in Frameworks */ = {isa = PBXBuildFile; fileRef = CA59C9FACE706593E59B1427 /* Pods_FollowersViewCode.framework */; };
/* End PBXBuildFile section */

/* Begin PBXFileReference section */
		700FB6B926A32AD90080E3CF /* FavoriteListBuilder.swift */ = {isa = PBXFileReference; lastKnownFileType = sourcecode.swift; path = FavoriteListBuilder.swift; sourceTree = "<group>"; };
		700FB6BB26A32AE90080E3CF /* FavoriteListInteractor.swift */ = {isa = PBXFileReference; lastKnownFileType = sourcecode.swift; path = FavoriteListInteractor.swift; sourceTree = "<group>"; };
		700FB6BD26A32AF50080E3CF /* FavoriteListPresenter.swift */ = {isa = PBXFileReference; lastKnownFileType = sourcecode.swift; path = FavoriteListPresenter.swift; sourceTree = "<group>"; };
		700FB6BF26A32B060080E3CF /* FavoriteListRouter.swift */ = {isa = PBXFileReference; lastKnownFileType = sourcecode.swift; path = FavoriteListRouter.swift; sourceTree = "<group>"; };
		700FB6C226A32B1D0080E3CF /* FavoriteListView.swift */ = {isa = PBXFileReference; lastKnownFileType = sourcecode.swift; path = FavoriteListView.swift; sourceTree = "<group>"; };
		700FB6C526A330B90080E3CF /* PersistenceManager.swift */ = {isa = PBXFileReference; lastKnownFileType = sourcecode.swift; path = PersistenceManager.swift; sourceTree = "<group>"; };
		700FB6C826A3398F0080E3CF /* PersistenceWorker.swift */ = {isa = PBXFileReference; lastKnownFileType = sourcecode.swift; path = PersistenceWorker.swift; sourceTree = "<group>"; };
		700FB6CA26A340300080E3CF /* PersistenceResource.swift */ = {isa = PBXFileReference; lastKnownFileType = sourcecode.swift; path = PersistenceResource.swift; sourceTree = "<group>"; };
		700FB6CC26A35F110080E3CF /* FavoriteCell.swift */ = {isa = PBXFileReference; lastKnownFileType = sourcecode.swift; path = FavoriteCell.swift; sourceTree = "<group>"; };
		700FB6CE26A366B20080E3CF /* UITableViewCell+ Ext.swift */ = {isa = PBXFileReference; lastKnownFileType = sourcecode.swift; path = "UITableViewCell+ Ext.swift"; sourceTree = "<group>"; };
		700FB6D026A36AEC0080E3CF /* UICollectionView+Ext.swift */ = {isa = PBXFileReference; lastKnownFileType = sourcecode.swift; path = "UICollectionView+Ext.swift"; sourceTree = "<group>"; };
		701C0484269671D10010A5DE /* FollowerCell.swift */ = {isa = PBXFileReference; lastKnownFileType = sourcecode.swift; path = FollowerCell.swift; sourceTree = "<group>"; };
		701C0487269673840010A5DE /* FVCAvatarImageView.swift */ = {isa = PBXFileReference; lastKnownFileType = sourcecode.swift; path = FVCAvatarImageView.swift; sourceTree = "<group>"; };
		701C0489269692FB0010A5DE /* FollowerListViewDelegate.swift */ = {isa = PBXFileReference; lastKnownFileType = sourcecode.swift; path = FollowerListViewDelegate.swift; sourceTree = "<group>"; };
		701CBC1D2617BBEF00A5D951 /* UIViewController+Ext.swift */ = {isa = PBXFileReference; lastKnownFileType = sourcecode.swift; path = "UIViewController+Ext.swift"; sourceTree = "<group>"; };
		703CB5F2269A209300647057 /* UserInfoViewController.swift */ = {isa = PBXFileReference; lastKnownFileType = sourcecode.swift; path = UserInfoViewController.swift; sourceTree = "<group>"; };
		703CB5F5269A20B800647057 /* UserInfoView.swift */ = {isa = PBXFileReference; lastKnownFileType = sourcecode.swift; path = UserInfoView.swift; sourceTree = "<group>"; };
		703CB5F7269A20E300647057 /* UserInfoBuilder.swift */ = {isa = PBXFileReference; lastKnownFileType = sourcecode.swift; path = UserInfoBuilder.swift; sourceTree = "<group>"; };
		703CB5F9269A20F300647057 /* UserInfoInteractor.swift */ = {isa = PBXFileReference; lastKnownFileType = sourcecode.swift; path = UserInfoInteractor.swift; sourceTree = "<group>"; };
		703CB5FB269A210300647057 /* UserInfoPresenter.swift */ = {isa = PBXFileReference; lastKnownFileType = sourcecode.swift; path = UserInfoPresenter.swift; sourceTree = "<group>"; };
		703CB5FD269A211100647057 /* UserInfoRouter.swift */ = {isa = PBXFileReference; lastKnownFileType = sourcecode.swift; path = UserInfoRouter.swift; sourceTree = "<group>"; };
		703CB600269A3BE300647057 /* UserInfoWorker.swift */ = {isa = PBXFileReference; lastKnownFileType = sourcecode.swift; path = UserInfoWorker.swift; sourceTree = "<group>"; };
		704EEABE263441D200D40A36 /* NetworkManager.swift */ = {isa = PBXFileReference; lastKnownFileType = sourcecode.swift; path = NetworkManager.swift; sourceTree = "<group>"; };
		704EEAD42634499000D40A36 /* GithubURLBuilder .swift */ = {isa = PBXFileReference; lastKnownFileType = sourcecode.swift; path = "GithubURLBuilder .swift"; sourceTree = "<group>"; };
		704EEADE26344F1500D40A36 /* FVCError.swift */ = {isa = PBXFileReference; lastKnownFileType = sourcecode.swift; path = FVCError.swift; sourceTree = "<group>"; };
		704EEB02263495E300D40A36 /* R.generated.swift */ = {isa = PBXFileReference; fileEncoding = 4; lastKnownFileType = sourcecode.swift; path = R.generated.swift; sourceTree = "<group>"; };
		704EEB0D263497ED00D40A36 /* Localizable.strings */ = {isa = PBXFileReference; lastKnownFileType = text.plist.strings; path = Localizable.strings; sourceTree = "<group>"; };
		704EEB102634987000D40A36 /* R+Extensions.swift */ = {isa = PBXFileReference; lastKnownFileType = sourcecode.swift; path = "R+Extensions.swift"; sourceTree = "<group>"; };
		704EEB132634995800D40A36 /* FollowerWorker.swift */ = {isa = PBXFileReference; lastKnownFileType = sourcecode.swift; path = FollowerWorker.swift; sourceTree = "<group>"; };
		704EEB192634999700D40A36 /* FollowersListResult.swift */ = {isa = PBXFileReference; lastKnownFileType = sourcecode.swift; path = FollowersListResult.swift; sourceTree = "<group>"; };
		704EEB1D26349E6B00D40A36 /* GithubResource.swift */ = {isa = PBXFileReference; lastKnownFileType = sourcecode.swift; path = GithubResource.swift; sourceTree = "<group>"; };
		706F3BC8269C5A8B005AC02A /* String + Ext.swift */ = {isa = PBXFileReference; lastKnownFileType = sourcecode.swift; path = "String + Ext.swift"; sourceTree = "<group>"; };
		706F3BCA269C5A9F005AC02A /* Date + Ext.swift */ = {isa = PBXFileReference; lastKnownFileType = sourcecode.swift; path = "Date + Ext.swift"; sourceTree = "<group>"; };
		7098CA33261494F7000A60A0 /* FollowerListBuilder.swift */ = {isa = PBXFileReference; lastKnownFileType = sourcecode.swift; path = FollowerListBuilder.swift; sourceTree = "<group>"; };
		7098CA3626149508000A60A0 /* FollowerListInteractor.swift */ = {isa = PBXFileReference; lastKnownFileType = sourcecode.swift; path = FollowerListInteractor.swift; sourceTree = "<group>"; };
		7098CA3926149517000A60A0 /* FollowerListPresenter.swift */ = {isa = PBXFileReference; lastKnownFileType = sourcecode.swift; path = FollowerListPresenter.swift; sourceTree = "<group>"; };
		70A6E7732692583B00AC91FA /* FollowerListRouter.swift */ = {isa = PBXFileReference; lastKnownFileType = sourcecode.swift; path = FollowerListRouter.swift; sourceTree = "<group>"; };
		70A6E7752692615000AC91FA /* SearchViewDelegate.swift */ = {isa = PBXFileReference; lastKnownFileType = sourcecode.swift; path = SearchViewDelegate.swift; sourceTree = "<group>"; };
		70B7328A269B85EA00B3A09A /* FVCSubtitleLabel.swift */ = {isa = PBXFileReference; lastKnownFileType = sourcecode.swift; path = FVCSubtitleLabel.swift; sourceTree = "<group>"; };
		70B7328C269B922300B3A09A /* UserInfoViewDelegate.swift */ = {isa = PBXFileReference; lastKnownFileType = sourcecode.swift; path = UserInfoViewDelegate.swift; sourceTree = "<group>"; };
		70B7328E269B938800B3A09A /* SFSymbols.swift */ = {isa = PBXFileReference; lastKnownFileType = sourcecode.swift; path = SFSymbols.swift; sourceTree = "<group>"; };
		70B73290269B99D700B3A09A /* FVCCardView.swift */ = {isa = PBXFileReference; lastKnownFileType = sourcecode.swift; path = FVCCardView.swift; sourceTree = "<group>"; };
		70B73292269B9DF500B3A09A /* UIColor+Ext.swift */ = {isa = PBXFileReference; lastKnownFileType = sourcecode.swift; path = "UIColor+Ext.swift"; sourceTree = "<group>"; };
		70B73294269BA04B00B3A09A /* FVCItemInfoView.swift */ = {isa = PBXFileReference; lastKnownFileType = sourcecode.swift; path = FVCItemInfoView.swift; sourceTree = "<group>"; };
		70B73296269BAF4300B3A09A /* CardItemTwo.swift */ = {isa = PBXFileReference; lastKnownFileType = sourcecode.swift; path = CardItemTwo.swift; sourceTree = "<group>"; };
		70B73298269BB88A00B3A09A /* CardItemOne.swift */ = {isa = PBXFileReference; lastKnownFileType = sourcecode.swift; path = CardItemOne.swift; sourceTree = "<group>"; };
		70D0AAC02610BF1B0045B210 /* FollowersViewCode.app */ = {isa = PBXFileReference; explicitFileType = wrapper.application; includeInIndex = 0; path = FollowersViewCode.app; sourceTree = BUILT_PRODUCTS_DIR; };
		70D0AAC32610BF1B0045B210 /* AppDelegate.swift */ = {isa = PBXFileReference; lastKnownFileType = sourcecode.swift; path = AppDelegate.swift; sourceTree = "<group>"; };
		70D0AAC52610BF1B0045B210 /* SceneDelegate.swift */ = {isa = PBXFileReference; lastKnownFileType = sourcecode.swift; path = SceneDelegate.swift; sourceTree = "<group>"; };
		70D0AACC2610BF1C0045B210 /* Assets.xcassets */ = {isa = PBXFileReference; lastKnownFileType = folder.assetcatalog; path = Assets.xcassets; sourceTree = "<group>"; };
		70D0AACF2610BF1C0045B210 /* Base */ = {isa = PBXFileReference; lastKnownFileType = file.storyboard; name = Base; path = Base.lproj/LaunchScreen.storyboard; sourceTree = "<group>"; };
		70D0AAD12610BF1C0045B210 /* Info.plist */ = {isa = PBXFileReference; lastKnownFileType = text.plist.xml; path = Info.plist; sourceTree = "<group>"; };
		70D76C5926992DCC00E71B23 /* FVCEmptyStateView.swift */ = {isa = PBXFileReference; lastKnownFileType = sourcecode.swift; path = FVCEmptyStateView.swift; sourceTree = "<group>"; };
		70DEBC7D2698B1EA00FBD477 /* UIImageView.swift */ = {isa = PBXFileReference; lastKnownFileType = sourcecode.swift; path = UIImageView.swift; sourceTree = "<group>"; };
		70DFC7FE262CF0AB00A17501 /* Follower.swift */ = {isa = PBXFileReference; lastKnownFileType = sourcecode.swift; path = Follower.swift; sourceTree = "<group>"; };
		70DFC802262CF16800A17501 /* User.swift */ = {isa = PBXFileReference; lastKnownFileType = sourcecode.swift; path = User.swift; sourceTree = "<group>"; };
		70F9EF7F2610D49E0090BC9D /* SearchViewController.swift */ = {isa = PBXFileReference; lastKnownFileType = sourcecode.swift; path = SearchViewController.swift; sourceTree = "<group>"; };
		70F9EF822610D4D80090BC9D /* FavoriteListVC.swift */ = {isa = PBXFileReference; lastKnownFileType = sourcecode.swift; path = FavoriteListVC.swift; sourceTree = "<group>"; };
		70F9EF872610DA3E0090BC9D /* FVCButton.swift */ = {isa = PBXFileReference; lastKnownFileType = sourcecode.swift; path = FVCButton.swift; sourceTree = "<group>"; };
		70F9EF8B2610DE860090BC9D /* FVCTextField.swift */ = {isa = PBXFileReference; lastKnownFileType = sourcecode.swift; path = FVCTextField.swift; sourceTree = "<group>"; };
		70F9EF8F2610E2080090BC9D /* SearchView.swift */ = {isa = PBXFileReference; lastKnownFileType = sourcecode.swift; path = SearchView.swift; sourceTree = "<group>"; };
		70F9EF982610E9EA0090BC9D /* ViewCodeProtocol.swift */ = {isa = PBXFileReference; lastKnownFileType = sourcecode.swift; path = ViewCodeProtocol.swift; sourceTree = "<group>"; };
		70F9EF9C2610FAF30090BC9D /* FollowerListViewController.swift */ = {isa = PBXFileReference; lastKnownFileType = sourcecode.swift; path = FollowerListViewController.swift; sourceTree = "<group>"; };
		70F9EFA12610FB1E0090BC9D /* FollowerListView.swift */ = {isa = PBXFileReference; lastKnownFileType = sourcecode.swift; path = FollowerListView.swift; sourceTree = "<group>"; };
		70F9EFA52610FD000090BC9D /* SearchBuilder.swift */ = {isa = PBXFileReference; lastKnownFileType = sourcecode.swift; path = SearchBuilder.swift; sourceTree = "<group>"; };
		70F9EFA82610FD150090BC9D /* SearchInteractor.swift */ = {isa = PBXFileReference; lastKnownFileType = sourcecode.swift; path = SearchInteractor.swift; sourceTree = "<group>"; };
		70F9EFAB2610FD290090BC9D /* SearchPresenter.swift */ = {isa = PBXFileReference; lastKnownFileType = sourcecode.swift; path = SearchPresenter.swift; sourceTree = "<group>"; };
		70F9EFAE2610FD440090BC9D /* SearchRouter.swift */ = {isa = PBXFileReference; lastKnownFileType = sourcecode.swift; path = SearchRouter.swift; sourceTree = "<group>"; };
		70F9EFB72611401E0090BC9D /* FVCTitleLabel.swift */ = {isa = PBXFileReference; lastKnownFileType = sourcecode.swift; path = FVCTitleLabel.swift; sourceTree = "<group>"; };
		70F9EFBA2611416B0090BC9D /* FVCBodyLabel.swift */ = {isa = PBXFileReference; lastKnownFileType = sourcecode.swift; path = FVCBodyLabel.swift; sourceTree = "<group>"; };
		70F9EFBE261142700090BC9D /* FVCAlertVC.swift */ = {isa = PBXFileReference; lastKnownFileType = sourcecode.swift; path = FVCAlertVC.swift; sourceTree = "<group>"; };
		70F9EFC3261142D30090BC9D /* FVCAlertView.swift */ = {isa = PBXFileReference; lastKnownFileType = sourcecode.swift; path = FVCAlertView.swift; sourceTree = "<group>"; };
		AB33298DE43A689C62FE1799 /* Pods-FollowersViewCode.debug.xcconfig */ = {isa = PBXFileReference; includeInIndex = 1; lastKnownFileType = text.xcconfig; name = "Pods-FollowersViewCode.debug.xcconfig"; path = "Target Support Files/Pods-FollowersViewCode/Pods-FollowersViewCode.debug.xcconfig"; sourceTree = "<group>"; };
		B3087C6ABD0D0FC7E23A5A04 /* Pods-FollowersViewCode.release.xcconfig */ = {isa = PBXFileReference; includeInIndex = 1; lastKnownFileType = text.xcconfig; name = "Pods-FollowersViewCode.release.xcconfig"; path = "Target Support Files/Pods-FollowersViewCode/Pods-FollowersViewCode.release.xcconfig"; sourceTree = "<group>"; };
		CA59C9FACE706593E59B1427 /* Pods_FollowersViewCode.framework */ = {isa = PBXFileReference; explicitFileType = wrapper.framework; includeInIndex = 0; path = Pods_FollowersViewCode.framework; sourceTree = BUILT_PRODUCTS_DIR; };
/* End PBXFileReference section */

/* Begin PBXFrameworksBuildPhase section */
		70D0AABD2610BF1B0045B210 /* Frameworks */ = {
			isa = PBXFrameworksBuildPhase;
			buildActionMask = 2147483647;
			files = (
				F929C0248D83DBA10EF156B3 /* Pods_FollowersViewCode.framework in Frameworks */,
			);
			runOnlyForDeploymentPostprocessing = 0;
		};
/* End PBXFrameworksBuildPhase section */

/* Begin PBXGroup section */
		3D1F7F9FBC4648010FF38C89 /* Frameworks */ = {
			isa = PBXGroup;
			children = (
				CA59C9FACE706593E59B1427 /* Pods_FollowersViewCode.framework */,
			);
			name = Frameworks;
			sourceTree = "<group>";
		};
		700FB6C126A32B0C0080E3CF /* View */ = {
			isa = PBXGroup;
			children = (
				700FB6C226A32B1D0080E3CF /* FavoriteListView.swift */,
				700FB6CC26A35F110080E3CF /* FavoriteCell.swift */,
			);
			path = View;
			sourceTree = "<group>";
		};
		700FB6C426A3309A0080E3CF /* Persistence */ = {
			isa = PBXGroup;
			children = (
				700FB6C526A330B90080E3CF /* PersistenceManager.swift */,
				700FB6CA26A340300080E3CF /* PersistenceResource.swift */,
			);
			path = Persistence;
			sourceTree = "<group>";
		};
		700FB6C726A339790080E3CF /* Persistence */ = {
			isa = PBXGroup;
			children = (
				700FB6C826A3398F0080E3CF /* PersistenceWorker.swift */,
			);
			path = Persistence;
			sourceTree = "<group>";
		};
		701C0486269673340010A5DE /* ImageView */ = {
			isa = PBXGroup;
			children = (
				701C0487269673840010A5DE /* FVCAvatarImageView.swift */,
			);
			path = ImageView;
			sourceTree = "<group>";
		};
		701CBC202617C92500A5D951 /* Custom Views */ = {
			isa = PBXGroup;
			children = (
				70F9EFC1261142930090BC9D /* Alert */,
				701CBC232617C9B800A5D951 /* Button */,
				701C0486269673340010A5DE /* ImageView */,
				701CBC242617C9C400A5D951 /* Label */,
				701CBC252617C9DC00A5D951 /* TextField */,
				70D76C5826992D8400E71B23 /* View */,
			);
			path = "Custom Views";
			sourceTree = "<group>";
		};
		701CBC212617C95F00A5D951 /* Extensions */ = {
			isa = PBXGroup;
			children = (
				706F3BCA269C5A9F005AC02A /* Date + Ext.swift */,
				704EEADE26344F1500D40A36 /* FVCError.swift */,
				704EEB102634987000D40A36 /* R+Extensions.swift */,
				706F3BC8269C5A8B005AC02A /* String + Ext.swift */,
				700FB6D026A36AEC0080E3CF /* UICollectionView+Ext.swift */,
				70B73292269B9DF500B3A09A /* UIColor+Ext.swift */,
				70DEBC7D2698B1EA00FBD477 /* UIImageView.swift */,
				700FB6CE26A366B20080E3CF /* UITableViewCell+ Ext.swift */,
				701CBC1D2617BBEF00A5D951 /* UIViewController+Ext.swift */,
			);
			path = Extensions;
			sourceTree = "<group>";
		};
		701CBC232617C9B800A5D951 /* Button */ = {
			isa = PBXGroup;
			children = (
				70F9EF872610DA3E0090BC9D /* FVCButton.swift */,
			);
			path = Button;
			sourceTree = "<group>";
		};
		701CBC242617C9C400A5D951 /* Label */ = {
			isa = PBXGroup;
			children = (
				70F9EFB72611401E0090BC9D /* FVCTitleLabel.swift */,
				70F9EFBA2611416B0090BC9D /* FVCBodyLabel.swift */,
				70B7328A269B85EA00B3A09A /* FVCSubtitleLabel.swift */,
			);
			path = Label;
			sourceTree = "<group>";
		};
		701CBC252617C9DC00A5D951 /* TextField */ = {
			isa = PBXGroup;
			children = (
				70F9EF8B2610DE860090BC9D /* FVCTextField.swift */,
			);
			path = TextField;
			sourceTree = "<group>";
		};
		703CB5F1269A205D00647057 /* UserInfo */ = {
			isa = PBXGroup;
			children = (
				703CB5F4269A209900647057 /* View */,
				703CB5F2269A209300647057 /* UserInfoViewController.swift */,
				703CB5F7269A20E300647057 /* UserInfoBuilder.swift */,
				703CB5F9269A20F300647057 /* UserInfoInteractor.swift */,
				703CB5FB269A210300647057 /* UserInfoPresenter.swift */,
				703CB5FD269A211100647057 /* UserInfoRouter.swift */,
			);
			path = UserInfo;
			sourceTree = "<group>";
		};
		703CB5F4269A209900647057 /* View */ = {
			isa = PBXGroup;
			children = (
				703CB5F5269A20B800647057 /* UserInfoView.swift */,
				70B7328C269B922300B3A09A /* UserInfoViewDelegate.swift */,
				70B73296269BAF4300B3A09A /* CardItemTwo.swift */,
				70B73298269BB88A00B3A09A /* CardItemOne.swift */,
			);
			path = View;
			sourceTree = "<group>";
		};
		703CB5FF269A3BCE00647057 /* UserInfo */ = {
			isa = PBXGroup;
			children = (
				703CB600269A3BE300647057 /* UserInfoWorker.swift */,
			);
			path = UserInfo;
			sourceTree = "<group>";
		};
		704EEAD32634497E00D40A36 /* API */ = {
			isa = PBXGroup;
			children = (
				704EEAD42634499000D40A36 /* GithubURLBuilder .swift */,
				704EEB1D26349E6B00D40A36 /* GithubResource.swift */,
			);
			path = API;
			sourceTree = "<group>";
		};
		704EEAD926344E0F00D40A36 /* Workers */ = {
			isa = PBXGroup;
			children = (
				704EEB202634A06F00D40A36 /* Follower */,
				700FB6C726A339790080E3CF /* Persistence */,
				703CB5FF269A3BCE00647057 /* UserInfo */,
			);
			path = Workers;
			sourceTree = "<group>";
		};
		704EEB202634A06F00D40A36 /* Follower */ = {
			isa = PBXGroup;
			children = (
				704EEB192634999700D40A36 /* FollowersListResult.swift */,
				704EEB132634995800D40A36 /* FollowerWorker.swift */,
			);
			path = Follower;
			sourceTree = "<group>";
		};
		70D0AAB72610BF1B0045B210 = {
			isa = PBXGroup;
			children = (
				70D0AAC22610BF1B0045B210 /* FollowersViewCode */,
				70D0AAC12610BF1B0045B210 /* Products */,
				A1151B8BDF3FBDB367AE9DB1 /* Pods */,
				3D1F7F9FBC4648010FF38C89 /* Frameworks */,
			);
			sourceTree = "<group>";
		};
		70D0AAC12610BF1B0045B210 /* Products */ = {
			isa = PBXGroup;
			children = (
				70D0AAC02610BF1B0045B210 /* FollowersViewCode.app */,
			);
			name = Products;
			sourceTree = "<group>";
		};
		70D0AAC22610BF1B0045B210 /* FollowersViewCode */ = {
			isa = PBXGroup;
			children = (
				70F9EF732610C21D0090BC9D /* Resources */,
				70F9EF742610C2350090BC9D /* Source */,
				70F9EF752610C2490090BC9D /* SupportFiles */,
			);
			path = FollowersViewCode;
			sourceTree = "<group>";
		};
		70D76C5826992D8400E71B23 /* View */ = {
			isa = PBXGroup;
			children = (
				70D76C5926992DCC00E71B23 /* FVCEmptyStateView.swift */,
				70B73290269B99D700B3A09A /* FVCCardView.swift */,
				70B73294269BA04B00B3A09A /* FVCItemInfoView.swift */,
			);
			path = View;
			sourceTree = "<group>";
		};
		70DEBC7C2698B1D100FBD477 /* Common */ = {
			isa = PBXGroup;
			children = (
				70F9EF982610E9EA0090BC9D /* ViewCodeProtocol.swift */,
				70B7328E269B938800B3A09A /* SFSymbols.swift */,
			);
			path = Common;
			sourceTree = "<group>";
		};
		70DFC7FD262CF09A00A17501 /* Model */ = {
			isa = PBXGroup;
			children = (
				70DFC7FE262CF0AB00A17501 /* Follower.swift */,
				70DFC802262CF16800A17501 /* User.swift */,
			);
			path = Model;
			sourceTree = "<group>";
		};
		70DFC805262CF36700A17501 /* Networking */ = {
			isa = PBXGroup;
			children = (
				704EEAD32634497E00D40A36 /* API */,
				704EEABE263441D200D40A36 /* NetworkManager.swift */,
			);
			path = Networking;
			sourceTree = "<group>";
		};
		70F9EF602610C19E0090BC9D /* Features */ = {
			isa = PBXGroup;
			children = (
				70F9EF862610D9990090BC9D /* FavoritesDetails */,
				70F9EF9B2610FACF0090BC9D /* FollowerListDetails */,
				70F9EF852610D92F0090BC9D /* SearchDetails */,
				703CB5F1269A205D00647057 /* UserInfo */,
			);
			path = Features;
			sourceTree = "<group>";
		};
		70F9EF732610C21D0090BC9D /* Resources */ = {
			isa = PBXGroup;
			children = (
				70D0AACC2610BF1C0045B210 /* Assets.xcassets */,
				704EEB02263495E300D40A36 /* R.generated.swift */,
				704EEB0D263497ED00D40A36 /* Localizable.strings */,
			);
			path = Resources;
			sourceTree = "<group>";
		};
		70F9EF742610C2350090BC9D /* Source */ = {
			isa = PBXGroup;
			children = (
				70F9EF602610C19E0090BC9D /* Features */,
				70DFC7FD262CF09A00A17501 /* Model */,
				70DFC805262CF36700A17501 /* Networking */,
				700FB6C426A3309A0080E3CF /* Persistence */,
				70F9EF972610E9D60090BC9D /* Shared */,
				704EEAD926344E0F00D40A36 /* Workers */,
			);
			path = Source;
			sourceTree = "<group>";
		};
		70F9EF752610C2490090BC9D /* SupportFiles */ = {
			isa = PBXGroup;
			children = (
				70D0AAD12610BF1C0045B210 /* Info.plist */,
				70D0AAC52610BF1B0045B210 /* SceneDelegate.swift */,
				70D0AAC32610BF1B0045B210 /* AppDelegate.swift */,
				70D0AACE2610BF1C0045B210 /* LaunchScreen.storyboard */,
			);
			path = SupportFiles;
			sourceTree = "<group>";
		};
		70F9EF852610D92F0090BC9D /* SearchDetails */ = {
			isa = PBXGroup;
			children = (
				70F9EF8E2610E1DE0090BC9D /* View */,
				70F9EF7F2610D49E0090BC9D /* SearchViewController.swift */,
				70F9EFA52610FD000090BC9D /* SearchBuilder.swift */,
				70F9EFA82610FD150090BC9D /* SearchInteractor.swift */,
				70F9EFAB2610FD290090BC9D /* SearchPresenter.swift */,
				70F9EFAE2610FD440090BC9D /* SearchRouter.swift */,
			);
			path = SearchDetails;
			sourceTree = "<group>";
		};
		70F9EF862610D9990090BC9D /* FavoritesDetails */ = {
			isa = PBXGroup;
			children = (
				700FB6C126A32B0C0080E3CF /* View */,
				70F9EF822610D4D80090BC9D /* FavoriteListVC.swift */,
				700FB6B926A32AD90080E3CF /* FavoriteListBuilder.swift */,
				700FB6BB26A32AE90080E3CF /* FavoriteListInteractor.swift */,
				700FB6BD26A32AF50080E3CF /* FavoriteListPresenter.swift */,
				700FB6BF26A32B060080E3CF /* FavoriteListRouter.swift */,
			);
			path = FavoritesDetails;
			sourceTree = "<group>";
		};
		70F9EF8E2610E1DE0090BC9D /* View */ = {
			isa = PBXGroup;
			children = (
				70F9EF8F2610E2080090BC9D /* SearchView.swift */,
				70A6E7752692615000AC91FA /* SearchViewDelegate.swift */,
			);
			path = View;
			sourceTree = "<group>";
		};
		70F9EF972610E9D60090BC9D /* Shared */ = {
			isa = PBXGroup;
			children = (
				70DEBC7C2698B1D100FBD477 /* Common */,
				701CBC202617C92500A5D951 /* Custom Views */,
				701CBC212617C95F00A5D951 /* Extensions */,
			);
			path = Shared;
			sourceTree = "<group>";
		};
		70F9EF9B2610FACF0090BC9D /* FollowerListDetails */ = {
			isa = PBXGroup;
			children = (
				70F9EFA02610FAFE0090BC9D /* View */,
				70F9EF9C2610FAF30090BC9D /* FollowerListViewController.swift */,
				7098CA33261494F7000A60A0 /* FollowerListBuilder.swift */,
				7098CA3626149508000A60A0 /* FollowerListInteractor.swift */,
				7098CA3926149517000A60A0 /* FollowerListPresenter.swift */,
				70A6E7732692583B00AC91FA /* FollowerListRouter.swift */,
			);
			path = FollowerListDetails;
			sourceTree = "<group>";
		};
		70F9EFA02610FAFE0090BC9D /* View */ = {
			isa = PBXGroup;
			children = (
				70F9EFA12610FB1E0090BC9D /* FollowerListView.swift */,
				701C0484269671D10010A5DE /* FollowerCell.swift */,
				701C0489269692FB0010A5DE /* FollowerListViewDelegate.swift */,
			);
			path = View;
			sourceTree = "<group>";
		};
		70F9EFC1261142930090BC9D /* Alert */ = {
			isa = PBXGroup;
			children = (
				70F9EFC2261142B00090BC9D /* View */,
				70F9EFBE261142700090BC9D /* FVCAlertVC.swift */,
			);
			path = Alert;
			sourceTree = "<group>";
		};
		70F9EFC2261142B00090BC9D /* View */ = {
			isa = PBXGroup;
			children = (
				70F9EFC3261142D30090BC9D /* FVCAlertView.swift */,
			);
			path = View;
			sourceTree = "<group>";
		};
		A1151B8BDF3FBDB367AE9DB1 /* Pods */ = {
			isa = PBXGroup;
			children = (
				AB33298DE43A689C62FE1799 /* Pods-FollowersViewCode.debug.xcconfig */,
				B3087C6ABD0D0FC7E23A5A04 /* Pods-FollowersViewCode.release.xcconfig */,
			);
			path = Pods;
			sourceTree = "<group>";
		};
/* End PBXGroup section */

/* Begin PBXNativeTarget section */
		70D0AABF2610BF1B0045B210 /* FollowersViewCode */ = {
			isa = PBXNativeTarget;
			buildConfigurationList = 70D0AAD42610BF1C0045B210 /* Build configuration list for PBXNativeTarget "FollowersViewCode" */;
			buildPhases = (
				D5BDF1C5C8988A2BD7181A1F /* [CP] Check Pods Manifest.lock */,
				704EEAED263458F200D40A36 /* RSwift */,
				70D0AABC2610BF1B0045B210 /* Sources */,
				70D0AABD2610BF1B0045B210 /* Frameworks */,
				70D0AABE2610BF1B0045B210 /* Resources */,
				C8A8AB52FEEF8ACE3CED55F7 /* [CP] Embed Pods Frameworks */,
			);
			buildRules = (
			);
			dependencies = (
			);
			name = FollowersViewCode;
			productName = FollowersViewCode;
			productReference = 70D0AAC02610BF1B0045B210 /* FollowersViewCode.app */;
			productType = "com.apple.product-type.application";
		};
/* End PBXNativeTarget section */

/* Begin PBXProject section */
		70D0AAB82610BF1B0045B210 /* Project object */ = {
			isa = PBXProject;
			attributes = {
				LastSwiftUpdateCheck = 1240;
				LastUpgradeCheck = 1240;
				TargetAttributes = {
					70D0AABF2610BF1B0045B210 = {
						CreatedOnToolsVersion = 12.4;
					};
				};
			};
			buildConfigurationList = 70D0AABB2610BF1B0045B210 /* Build configuration list for PBXProject "FollowersViewCode" */;
			compatibilityVersion = "Xcode 9.3";
			developmentRegion = en;
			hasScannedForEncodings = 0;
			knownRegions = (
				en,
				Base,
			);
			mainGroup = 70D0AAB72610BF1B0045B210;
			productRefGroup = 70D0AAC12610BF1B0045B210 /* Products */;
			projectDirPath = "";
			projectRoot = "";
			targets = (
				70D0AABF2610BF1B0045B210 /* FollowersViewCode */,
			);
		};
/* End PBXProject section */

/* Begin PBXResourcesBuildPhase section */
		70D0AABE2610BF1B0045B210 /* Resources */ = {
			isa = PBXResourcesBuildPhase;
			buildActionMask = 2147483647;
			files = (
				70D0AAD02610BF1C0045B210 /* LaunchScreen.storyboard in Resources */,
				704EEB0E263497ED00D40A36 /* Localizable.strings in Resources */,
				70D0AACD2610BF1C0045B210 /* Assets.xcassets in Resources */,
			);
			runOnlyForDeploymentPostprocessing = 0;
		};
/* End PBXResourcesBuildPhase section */

/* Begin PBXShellScriptBuildPhase section */
		704EEAED263458F200D40A36 /* RSwift */ = {
			isa = PBXShellScriptBuildPhase;
			buildActionMask = 2147483647;
			files = (
			);
			inputFileListPaths = (
			);
			inputPaths = (
				"$TEMP_DIR/rswift-lastrun",
			);
			name = RSwift;
			outputFileListPaths = (
			);
			outputPaths = (
				$SRCROOT/FollowersViewCode/Resources/R.generated.swift,
			);
			runOnlyForDeploymentPostprocessing = 0;
			shellPath = /bin/sh;
			shellScript = "\"${PODS_ROOT}/R.swift/rswift\" generate \"${SRCROOT}/FollowersViewCode/Resources/R.generated.swift\"\n\n";
		};
		C8A8AB52FEEF8ACE3CED55F7 /* [CP] Embed Pods Frameworks */ = {
			isa = PBXShellScriptBuildPhase;
			buildActionMask = 2147483647;
			files = (
			);
			inputFileListPaths = (
				"${PODS_ROOT}/Target Support Files/Pods-FollowersViewCode/Pods-FollowersViewCode-frameworks-${CONFIGURATION}-input-files.xcfilelist",
			);
			name = "[CP] Embed Pods Frameworks";
			outputFileListPaths = (
				"${PODS_ROOT}/Target Support Files/Pods-FollowersViewCode/Pods-FollowersViewCode-frameworks-${CONFIGURATION}-output-files.xcfilelist",
			);
			runOnlyForDeploymentPostprocessing = 0;
			shellPath = /bin/sh;
			shellScript = "\"${PODS_ROOT}/Target Support Files/Pods-FollowersViewCode/Pods-FollowersViewCode-frameworks.sh\"\n";
			showEnvVarsInLog = 0;
		};
		D5BDF1C5C8988A2BD7181A1F /* [CP] Check Pods Manifest.lock */ = {
			isa = PBXShellScriptBuildPhase;
			buildActionMask = 2147483647;
			files = (
			);
			inputFileListPaths = (
			);
			inputPaths = (
				"${PODS_PODFILE_DIR_PATH}/Podfile.lock",
				"${PODS_ROOT}/Manifest.lock",
			);
			name = "[CP] Check Pods Manifest.lock";
			outputFileListPaths = (
			);
			outputPaths = (
				"$(DERIVED_FILE_DIR)/Pods-FollowersViewCode-checkManifestLockResult.txt",
			);
			runOnlyForDeploymentPostprocessing = 0;
			shellPath = /bin/sh;
			shellScript = "diff \"${PODS_PODFILE_DIR_PATH}/Podfile.lock\" \"${PODS_ROOT}/Manifest.lock\" > /dev/null\nif [ $? != 0 ] ; then\n    # print error to STDERR\n    echo \"error: The sandbox is not in sync with the Podfile.lock. Run 'pod install' or update your CocoaPods installation.\" >&2\n    exit 1\nfi\n# This output is used by Xcode 'outputs' to avoid re-running this script phase.\necho \"SUCCESS\" > \"${SCRIPT_OUTPUT_FILE_0}\"\n";
			showEnvVarsInLog = 0;
		};
/* End PBXShellScriptBuildPhase section */

/* Begin PBXSourcesBuildPhase section */
		70D0AABC2610BF1B0045B210 /* Sources */ = {
			isa = PBXSourcesBuildPhase;
			buildActionMask = 2147483647;
			files = (
				7098CA3726149508000A60A0 /* FollowerListInteractor.swift in Sources */,
				700FB6CB26A340300080E3CF /* PersistenceResource.swift in Sources */,
				7098CA34261494F7000A60A0 /* FollowerListBuilder.swift in Sources */,
				7098CA3A26149517000A60A0 /* FollowerListPresenter.swift in Sources */,
				700FB6BE26A32AF50080E3CF /* FavoriteListPresenter.swift in Sources */,
				70F9EF9D2610FAF30090BC9D /* FollowerListViewController.swift in Sources */,
				701C048A269692FB0010A5DE /* FollowerListViewDelegate.swift in Sources */,
				706F3BCB269C5A9F005AC02A /* Date + Ext.swift in Sources */,
				70F9EF832610D4D80090BC9D /* FavoriteListVC.swift in Sources */,
				70B73293269B9DF500B3A09A /* UIColor+Ext.swift in Sources */,
				704EEAD52634499000D40A36 /* GithubURLBuilder .swift in Sources */,
				700FB6BA26A32AD90080E3CF /* FavoriteListBuilder.swift in Sources */,
				70F9EF992610E9EA0090BC9D /* ViewCodeProtocol.swift in Sources */,
				704EEB142634995800D40A36 /* FollowerWorker.swift in Sources */,
				70F9EF802610D49E0090BC9D /* SearchViewController.swift in Sources */,
				704EEB1E26349E6B00D40A36 /* GithubResource.swift in Sources */,
				70A6E7742692583B00AC91FA /* FollowerListRouter.swift in Sources */,
				700FB6C026A32B060080E3CF /* FavoriteListRouter.swift in Sources */,
				70DEBC7E2698B1EA00FBD477 /* UIImageView.swift in Sources */,
				701C0485269671D10010A5DE /* FollowerCell.swift in Sources */,
				70B73299269BB88A00B3A09A /* CardItemOne.swift in Sources */,
				70D0AAC42610BF1B0045B210 /* AppDelegate.swift in Sources */,
				704EEB1A2634999700D40A36 /* FollowersListResult.swift in Sources */,
				700FB6C926A3398F0080E3CF /* PersistenceWorker.swift in Sources */,
				70B73291269B99D700B3A09A /* FVCCardView.swift in Sources */,
				70F9EFB82611401E0090BC9D /* FVCTitleLabel.swift in Sources */,
				703CB5F3269A209300647057 /* UserInfoViewController.swift in Sources */,
				70B7328B269B85EA00B3A09A /* FVCSubtitleLabel.swift in Sources */,
				700FB6C326A32B1D0080E3CF /* FavoriteListView.swift in Sources */,
				70F9EFBF261142700090BC9D /* FVCAlertVC.swift in Sources */,
				70F9EFA62610FD000090BC9D /* SearchBuilder.swift in Sources */,
				70F9EFA92610FD150090BC9D /* SearchInteractor.swift in Sources */,
				70B7328F269B938800B3A09A /* SFSymbols.swift in Sources */,
				700FB6BC26A32AE90080E3CF /* FavoriteListInteractor.swift in Sources */,
				700FB6CF26A366B20080E3CF /* UITableViewCell+ Ext.swift in Sources */,
				70B7328D269B922300B3A09A /* UserInfoViewDelegate.swift in Sources */,
				70F9EFC4261142D30090BC9D /* FVCAlertView.swift in Sources */,
				70F9EF902610E2080090BC9D /* SearchView.swift in Sources */,
				703CB5FE269A211100647057 /* UserInfoRouter.swift in Sources */,
				703CB5FA269A20F300647057 /* UserInfoInteractor.swift in Sources */,
				70A6E7762692615000AC91FA /* SearchViewDelegate.swift in Sources */,
				701CBC1E2617BBEF00A5D951 /* UIViewController+Ext.swift in Sources */,
				70F9EFA22610FB1E0090BC9D /* FollowerListView.swift in Sources */,
				704EEABF263441D200D40A36 /* NetworkManager.swift in Sources */,
				70D76C5A26992DCC00E71B23 /* FVCEmptyStateView.swift in Sources */,
				703CB5F6269A20B800647057 /* UserInfoView.swift in Sources */,
				700FB6C626A330B90080E3CF /* PersistenceManager.swift in Sources */,
				706F3BC9269C5A8B005AC02A /* String + Ext.swift in Sources */,
				70F9EFBB2611416B0090BC9D /* FVCBodyLabel.swift in Sources */,
				70F9EFAC2610FD290090BC9D /* SearchPresenter.swift in Sources */,
				70F9EFAF2610FD440090BC9D /* SearchRouter.swift in Sources */,
				70DFC7FF262CF0AB00A17501 /* Follower.swift in Sources */,
				704EEB03263495E300D40A36 /* R.generated.swift in Sources */,
				700FB6CD26A35F110080E3CF /* FavoriteCell.swift in Sources */,
				70DFC803262CF16800A17501 /* User.swift in Sources */,
				70F9EF882610DA3E0090BC9D /* FVCButton.swift in Sources */,
				70B73297269BAF4300B3A09A /* CardItemTwo.swift in Sources */,
				700FB6D126A36AEC0080E3CF /* UICollectionView+Ext.swift in Sources */,
				703CB5FC269A210300647057 /* UserInfoPresenter.swift in Sources */,
				703CB5F8269A20E300647057 /* UserInfoBuilder.swift in Sources */,
				701C0488269673840010A5DE /* FVCAvatarImageView.swift in Sources */,
				704EEADF26344F1500D40A36 /* FVCError.swift in Sources */,
				703CB601269A3BE300647057 /* UserInfoWorker.swift in Sources */,
				70D0AAC62610BF1B0045B210 /* SceneDelegate.swift in Sources */,
				70B73295269BA04B00B3A09A /* FVCItemInfoView.swift in Sources */,
				70F9EF8C2610DE860090BC9D /* FVCTextField.swift in Sources */,
				704EEB112634987000D40A36 /* R+Extensions.swift in Sources */,
			);
			runOnlyForDeploymentPostprocessing = 0;
		};
/* End PBXSourcesBuildPhase section */

/* Begin PBXVariantGroup section */
		70D0AACE2610BF1C0045B210 /* LaunchScreen.storyboard */ = {
			isa = PBXVariantGroup;
			children = (
				70D0AACF2610BF1C0045B210 /* Base */,
			);
			name = LaunchScreen.storyboard;
			sourceTree = "<group>";
		};
/* End PBXVariantGroup section */

/* Begin XCBuildConfiguration section */
		70D0AAD22610BF1C0045B210 /* Debug */ = {
			isa = XCBuildConfiguration;
			buildSettings = {
				ALWAYS_SEARCH_USER_PATHS = NO;
				CLANG_ANALYZER_NONNULL = YES;
				CLANG_ANALYZER_NUMBER_OBJECT_CONVERSION = YES_AGGRESSIVE;
				CLANG_CXX_LANGUAGE_STANDARD = "gnu++14";
				CLANG_CXX_LIBRARY = "libc++";
				CLANG_ENABLE_MODULES = YES;
				CLANG_ENABLE_OBJC_ARC = YES;
				CLANG_ENABLE_OBJC_WEAK = YES;
				CLANG_WARN_BLOCK_CAPTURE_AUTORELEASING = YES;
				CLANG_WARN_BOOL_CONVERSION = YES;
				CLANG_WARN_COMMA = YES;
				CLANG_WARN_CONSTANT_CONVERSION = YES;
				CLANG_WARN_DEPRECATED_OBJC_IMPLEMENTATIONS = YES;
				CLANG_WARN_DIRECT_OBJC_ISA_USAGE = YES_ERROR;
				CLANG_WARN_DOCUMENTATION_COMMENTS = YES;
				CLANG_WARN_EMPTY_BODY = YES;
				CLANG_WARN_ENUM_CONVERSION = YES;
				CLANG_WARN_INFINITE_RECURSION = YES;
				CLANG_WARN_INT_CONVERSION = YES;
				CLANG_WARN_NON_LITERAL_NULL_CONVERSION = YES;
				CLANG_WARN_OBJC_IMPLICIT_RETAIN_SELF = YES;
				CLANG_WARN_OBJC_LITERAL_CONVERSION = YES;
				CLANG_WARN_OBJC_ROOT_CLASS = YES_ERROR;
				CLANG_WARN_QUOTED_INCLUDE_IN_FRAMEWORK_HEADER = YES;
				CLANG_WARN_RANGE_LOOP_ANALYSIS = YES;
				CLANG_WARN_STRICT_PROTOTYPES = YES;
				CLANG_WARN_SUSPICIOUS_MOVE = YES;
				CLANG_WARN_UNGUARDED_AVAILABILITY = YES_AGGRESSIVE;
				CLANG_WARN_UNREACHABLE_CODE = YES;
				CLANG_WARN__DUPLICATE_METHOD_MATCH = YES;
				COPY_PHASE_STRIP = NO;
				DEBUG_INFORMATION_FORMAT = dwarf;
				ENABLE_STRICT_OBJC_MSGSEND = YES;
				ENABLE_TESTABILITY = YES;
				GCC_C_LANGUAGE_STANDARD = gnu11;
				GCC_DYNAMIC_NO_PIC = NO;
				GCC_NO_COMMON_BLOCKS = YES;
				GCC_OPTIMIZATION_LEVEL = 0;
				GCC_PREPROCESSOR_DEFINITIONS = (
					"DEBUG=1",
					"$(inherited)",
				);
				GCC_WARN_64_TO_32_BIT_CONVERSION = YES;
				GCC_WARN_ABOUT_RETURN_TYPE = YES_ERROR;
				GCC_WARN_UNDECLARED_SELECTOR = YES;
				GCC_WARN_UNINITIALIZED_AUTOS = YES_AGGRESSIVE;
				GCC_WARN_UNUSED_FUNCTION = YES;
				GCC_WARN_UNUSED_VARIABLE = YES;
				IPHONEOS_DEPLOYMENT_TARGET = 14.4;
				MTL_ENABLE_DEBUG_INFO = INCLUDE_SOURCE;
				MTL_FAST_MATH = YES;
				ONLY_ACTIVE_ARCH = YES;
				SDKROOT = iphoneos;
				SWIFT_ACTIVE_COMPILATION_CONDITIONS = DEBUG;
				SWIFT_OPTIMIZATION_LEVEL = "-Onone";
			};
			name = Debug;
		};
		70D0AAD32610BF1C0045B210 /* Release */ = {
			isa = XCBuildConfiguration;
			buildSettings = {
				ALWAYS_SEARCH_USER_PATHS = NO;
				CLANG_ANALYZER_NONNULL = YES;
				CLANG_ANALYZER_NUMBER_OBJECT_CONVERSION = YES_AGGRESSIVE;
				CLANG_CXX_LANGUAGE_STANDARD = "gnu++14";
				CLANG_CXX_LIBRARY = "libc++";
				CLANG_ENABLE_MODULES = YES;
				CLANG_ENABLE_OBJC_ARC = YES;
				CLANG_ENABLE_OBJC_WEAK = YES;
				CLANG_WARN_BLOCK_CAPTURE_AUTORELEASING = YES;
				CLANG_WARN_BOOL_CONVERSION = YES;
				CLANG_WARN_COMMA = YES;
				CLANG_WARN_CONSTANT_CONVERSION = YES;
				CLANG_WARN_DEPRECATED_OBJC_IMPLEMENTATIONS = YES;
				CLANG_WARN_DIRECT_OBJC_ISA_USAGE = YES_ERROR;
				CLANG_WARN_DOCUMENTATION_COMMENTS = YES;
				CLANG_WARN_EMPTY_BODY = YES;
				CLANG_WARN_ENUM_CONVERSION = YES;
				CLANG_WARN_INFINITE_RECURSION = YES;
				CLANG_WARN_INT_CONVERSION = YES;
				CLANG_WARN_NON_LITERAL_NULL_CONVERSION = YES;
				CLANG_WARN_OBJC_IMPLICIT_RETAIN_SELF = YES;
				CLANG_WARN_OBJC_LITERAL_CONVERSION = YES;
				CLANG_WARN_OBJC_ROOT_CLASS = YES_ERROR;
				CLANG_WARN_QUOTED_INCLUDE_IN_FRAMEWORK_HEADER = YES;
				CLANG_WARN_RANGE_LOOP_ANALYSIS = YES;
				CLANG_WARN_STRICT_PROTOTYPES = YES;
				CLANG_WARN_SUSPICIOUS_MOVE = YES;
				CLANG_WARN_UNGUARDED_AVAILABILITY = YES_AGGRESSIVE;
				CLANG_WARN_UNREACHABLE_CODE = YES;
				CLANG_WARN__DUPLICATE_METHOD_MATCH = YES;
				COPY_PHASE_STRIP = NO;
				DEBUG_INFORMATION_FORMAT = "dwarf-with-dsym";
				ENABLE_NS_ASSERTIONS = NO;
				ENABLE_STRICT_OBJC_MSGSEND = YES;
				GCC_C_LANGUAGE_STANDARD = gnu11;
				GCC_NO_COMMON_BLOCKS = YES;
				GCC_WARN_64_TO_32_BIT_CONVERSION = YES;
				GCC_WARN_ABOUT_RETURN_TYPE = YES_ERROR;
				GCC_WARN_UNDECLARED_SELECTOR = YES;
				GCC_WARN_UNINITIALIZED_AUTOS = YES_AGGRESSIVE;
				GCC_WARN_UNUSED_FUNCTION = YES;
				GCC_WARN_UNUSED_VARIABLE = YES;
				IPHONEOS_DEPLOYMENT_TARGET = 14.4;
				MTL_ENABLE_DEBUG_INFO = NO;
				MTL_FAST_MATH = YES;
				SDKROOT = iphoneos;
				SWIFT_COMPILATION_MODE = wholemodule;
				SWIFT_OPTIMIZATION_LEVEL = "-O";
				VALIDATE_PRODUCT = YES;
			};
			name = Release;
		};
		70D0AAD52610BF1C0045B210 /* Debug */ = {
			isa = XCBuildConfiguration;
			baseConfigurationReference = AB33298DE43A689C62FE1799 /* Pods-FollowersViewCode.debug.xcconfig */;
			buildSettings = {
				ASSETCATALOG_COMPILER_APPICON_NAME = AppIcon;
				ASSETCATALOG_COMPILER_GLOBAL_ACCENT_COLOR_NAME = AccentColor;
				CODE_SIGN_STYLE = Automatic;
				INFOPLIST_FILE = FollowersViewCode/SupportFiles/Info.plist;
				LD_RUNPATH_SEARCH_PATHS = (
					"$(inherited)",
					"@executable_path/Frameworks",
				);
				PRODUCT_BUNDLE_IDENTIFIER = com.brunadrago.FollowersViewCode;
				PRODUCT_NAME = "$(TARGET_NAME)";
				SWIFT_VERSION = 5.0;
				TARGETED_DEVICE_FAMILY = "1,2";
			};
			name = Debug;
		};
		70D0AAD62610BF1C0045B210 /* Release */ = {
			isa = XCBuildConfiguration;
			baseConfigurationReference = B3087C6ABD0D0FC7E23A5A04 /* Pods-FollowersViewCode.release.xcconfig */;
			buildSettings = {
				ASSETCATALOG_COMPILER_APPICON_NAME = AppIcon;
				ASSETCATALOG_COMPILER_GLOBAL_ACCENT_COLOR_NAME = AccentColor;
				CODE_SIGN_STYLE = Automatic;
				INFOPLIST_FILE = FollowersViewCode/SupportFiles/Info.plist;
				LD_RUNPATH_SEARCH_PATHS = (
					"$(inherited)",
					"@executable_path/Frameworks",
				);
				PRODUCT_BUNDLE_IDENTIFIER = com.brunadrago.FollowersViewCode;
				PRODUCT_NAME = "$(TARGET_NAME)";
				SWIFT_VERSION = 5.0;
				TARGETED_DEVICE_FAMILY = "1,2";
			};
			name = Release;
		};
/* End XCBuildConfiguration section */

/* Begin XCConfigurationList section */
		70D0AABB2610BF1B0045B210 /* Build configuration list for PBXProject "FollowersViewCode" */ = {
			isa = XCConfigurationList;
			buildConfigurations = (
				70D0AAD22610BF1C0045B210 /* Debug */,
				70D0AAD32610BF1C0045B210 /* Release */,
			);
			defaultConfigurationIsVisible = 0;
			defaultConfigurationName = Release;
		};
		70D0AAD42610BF1C0045B210 /* Build configuration list for PBXNativeTarget "FollowersViewCode" */ = {
			isa = XCConfigurationList;
			buildConfigurations = (
				70D0AAD52610BF1C0045B210 /* Debug */,
				70D0AAD62610BF1C0045B210 /* Release */,
			);
			defaultConfigurationIsVisible = 0;
			defaultConfigurationName = Release;
		};
/* End XCConfigurationList section */
	};
	rootObject = 70D0AAB82610BF1B0045B210 /* Project object */;
}
