// !$*UTF8*$!
{
	archiveVersion = 1;
	classes = {
	};
	objectVersion = 50;
	objects = {

/* Begin PBXBuildFile section */
		70D0AAC42610BF1B0045B210 /* AppDelegate.swift in Sources */ = {isa = PBXBuildFile; fileRef = 70D0AAC32610BF1B0045B210 /* AppDelegate.swift */; };
		70D0AAC62610BF1B0045B210 /* SceneDelegate.swift in Sources */ = {isa = PBXBuildFile; fileRef = 70D0AAC52610BF1B0045B210 /* SceneDelegate.swift */; };
		70D0AAC82610BF1B0045B210 /* ViewController.swift in Sources */ = {isa = PBXBuildFile; fileRef = 70D0AAC72610BF1B0045B210 /* ViewController.swift */; };
		70D0AACB2610BF1B0045B210 /* Main.storyboard in Resources */ = {isa = PBXBuildFile; fileRef = 70D0AAC92610BF1B0045B210 /* Main.storyboard */; };
		70D0AACD2610BF1C0045B210 /* Assets.xcassets in Resources */ = {isa = PBXBuildFile; fileRef = 70D0AACC2610BF1C0045B210 /* Assets.xcassets */; };
		70D0AAD02610BF1C0045B210 /* LaunchScreen.storyboard in Resources */ = {isa = PBXBuildFile; fileRef = 70D0AACE2610BF1C0045B210 /* LaunchScreen.storyboard */; };
		F929C0248D83DBA10EF156B3 /* Pods_FollowersViewCode.framework in Frameworks */ = {isa = PBXBuildFile; fileRef = CA59C9FACE706593E59B1427 /* Pods_FollowersViewCode.framework */; };
/* End PBXBuildFile section */

/* Begin PBXFileReference section */
		70D0AAC02610BF1B0045B210 /* FollowersViewCode.app */ = {isa = PBXFileReference; explicitFileType = wrapper.application; includeInIndex = 0; path = FollowersViewCode.app; sourceTree = BUILT_PRODUCTS_DIR; };
		70D0AAC32610BF1B0045B210 /* AppDelegate.swift */ = {isa = PBXFileReference; lastKnownFileType = sourcecode.swift; path = AppDelegate.swift; sourceTree = "<group>"; };
		70D0AAC52610BF1B0045B210 /* SceneDelegate.swift */ = {isa = PBXFileReference; lastKnownFileType = sourcecode.swift; path = SceneDelegate.swift; sourceTree = "<group>"; };
		70D0AAC72610BF1B0045B210 /* ViewController.swift */ = {isa = PBXFileReference; lastKnownFileType = sourcecode.swift; path = ViewController.swift; sourceTree = "<group>"; };
		70D0AACA2610BF1B0045B210 /* Base */ = {isa = PBXFileReference; lastKnownFileType = file.storyboard; name = Base; path = Base.lproj/Main.storyboard; sourceTree = "<group>"; };
		70D0AACC2610BF1C0045B210 /* Assets.xcassets */ = {isa = PBXFileReference; lastKnownFileType = folder.assetcatalog; path = Assets.xcassets; sourceTree = "<group>"; };
		70D0AACF2610BF1C0045B210 /* Base */ = {isa = PBXFileReference; lastKnownFileType = file.storyboard; name = Base; path = Base.lproj/LaunchScreen.storyboard; sourceTree = "<group>"; };
		70D0AAD12610BF1C0045B210 /* Info.plist */ = {isa = PBXFileReference; lastKnownFileType = text.plist.xml; path = Info.plist; sourceTree = "<group>"; };
		AB33298DE43A689C62FE1799 /* Pods-FollowersViewCode.debug.xcconfig */ = {isa = PBXFileReference; includeInIndex = 1; lastKnownFileType = text.xcconfig; name = "Pods-FollowersViewCode.debug.xcconfig"; path = "Target Support Files/Pods-FollowersViewCode/Pods-FollowersViewCode.debug.xcconfig"; sourceTree = "<group>"; };
		B3087C6ABD0D0FC7E23A5A04 /* Pods-FollowersViewCode.release.xcconfig */ = {isa = PBXFileReference; includeInIndex = 1; lastKnownFileType = text.xcconfig; name = "Pods-FollowersViewCode.release.xcconfig"; path = "Target Support Files/Pods-FollowersViewCode/Pods-FollowersViewCode.release.xcconfig"; sourceTree = "<group>"; };
		CA59C9FACE706593E59B1427 /* Pods_FollowersViewCode.framework */ = {isa = PBXFileReference; explicitFileType = wrapper.framework; includeInIndex = 0; path = Pods_FollowersViewCode.framework; sourceTree = BUILT_PRODUCTS_DIR; };
/* End PBXFileReference section */

/* Begin PBXFrameworksBuildPhase section */
		70D0AABD2610BF1B0045B210 /* Frameworks */ = {
			isa = PBXFrameworksBuildPhase;
			buildActionMask = 2147483647;
			files = (
				F929C0248D83DBA10EF156B3 /* Pods_FollowersViewCode.framework in Frameworks */,
			);
			runOnlyForDeploymentPostprocessing = 0;
		};
/* End PBXFrameworksBuildPhase section */

/* Begin PBXGroup section */
		3D1F7F9FBC4648010FF38C89 /* Frameworks */ = {
			isa = PBXGroup;
			children = (
				CA59C9FACE706593E59B1427 /* Pods_FollowersViewCode.framework */,
			);
			name = Frameworks;
			sourceTree = "<group>";
		};
		70D0AAB72610BF1B0045B210 = {
			isa = PBXGroup;
			children = (
				70D0AAC22610BF1B0045B210 /* FollowersViewCode */,
				70D0AAC12610BF1B0045B210 /* Products */,
				A1151B8BDF3FBDB367AE9DB1 /* Pods */,
				3D1F7F9FBC4648010FF38C89 /* Frameworks */,
			);
			sourceTree = "<group>";
		};
		70D0AAC12610BF1B0045B210 /* Products */ = {
			isa = PBXGroup;
			children = (
				70D0AAC02610BF1B0045B210 /* FollowersViewCode.app */,
			);
			name = Products;
			sourceTree = "<group>";
		};
		70D0AAC22610BF1B0045B210 /* FollowersViewCode */ = {
			isa = PBXGroup;
			children = (
				70D0AAC32610BF1B0045B210 /* AppDelegate.swift */,
				70D0AAC52610BF1B0045B210 /* SceneDelegate.swift */,
				70D0AAC72610BF1B0045B210 /* ViewController.swift */,
				70D0AAC92610BF1B0045B210 /* Main.storyboard */,
				70D0AACC2610BF1C0045B210 /* Assets.xcassets */,
				70D0AACE2610BF1C0045B210 /* LaunchScreen.storyboard */,
				70D0AAD12610BF1C0045B210 /* Info.plist */,
			);
			path = FollowersViewCode;
			sourceTree = "<group>";
		};
		A1151B8BDF3FBDB367AE9DB1 /* Pods */ = {
			isa = PBXGroup;
			children = (
				AB33298DE43A689C62FE1799 /* Pods-FollowersViewCode.debug.xcconfig */,
				B3087C6ABD0D0FC7E23A5A04 /* Pods-FollowersViewCode.release.xcconfig */,
			);
			name = Pods;
			path = Pods;
			sourceTree = "<group>";
		};
/* End PBXGroup section */

/* Begin PBXNativeTarget section */
		70D0AABF2610BF1B0045B210 /* FollowersViewCode */ = {
			isa = PBXNativeTarget;
			buildConfigurationList = 70D0AAD42610BF1C0045B210 /* Build configuration list for PBXNativeTarget "FollowersViewCode" */;
			buildPhases = (
				D5BDF1C5C8988A2BD7181A1F /* [CP] Check Pods Manifest.lock */,
				70D0AABC2610BF1B0045B210 /* Sources */,
				70D0AABD2610BF1B0045B210 /* Frameworks */,
				70D0AABE2610BF1B0045B210 /* Resources */,
				C8A8AB52FEEF8ACE3CED55F7 /* [CP] Embed Pods Frameworks */,
			);
			buildRules = (
			);
			dependencies = (
			);
			name = FollowersViewCode;
			productName = FollowersViewCode;
			productReference = 70D0AAC02610BF1B0045B210 /* FollowersViewCode.app */;
			productType = "com.apple.product-type.application";
		};
/* End PBXNativeTarget section */

/* Begin PBXProject section */
		70D0AAB82610BF1B0045B210 /* Project object */ = {
			isa = PBXProject;
			attributes = {
				LastSwiftUpdateCheck = 1240;
				LastUpgradeCheck = 1240;
				TargetAttributes = {
					70D0AABF2610BF1B0045B210 = {
						CreatedOnToolsVersion = 12.4;
					};
				};
			};
			buildConfigurationList = 70D0AABB2610BF1B0045B210 /* Build configuration list for PBXProject "FollowersViewCode" */;
			compatibilityVersion = "Xcode 9.3";
			developmentRegion = en;
			hasScannedForEncodings = 0;
			knownRegions = (
				en,
				Base,
			);
			mainGroup = 70D0AAB72610BF1B0045B210;
			productRefGroup = 70D0AAC12610BF1B0045B210 /* Products */;
			projectDirPath = "";
			projectRoot = "";
			targets = (
				70D0AABF2610BF1B0045B210 /* FollowersViewCode */,
			);
		};
/* End PBXProject section */

/* Begin PBXResourcesBuildPhase section */
		70D0AABE2610BF1B0045B210 /* Resources */ = {
			isa = PBXResourcesBuildPhase;
			buildActionMask = 2147483647;
			files = (
				70D0AAD02610BF1C0045B210 /* LaunchScreen.storyboard in Resources */,
				70D0AACD2610BF1C0045B210 /* Assets.xcassets in Resources */,
				70D0AACB2610BF1B0045B210 /* Main.storyboard in Resources */,
			);
			runOnlyForDeploymentPostprocessing = 0;
		};
/* End PBXResourcesBuildPhase section */

/* Begin PBXShellScriptBuildPhase section */
		C8A8AB52FEEF8ACE3CED55F7 /* [CP] Embed Pods Frameworks */ = {
			isa = PBXShellScriptBuildPhase;
			buildActionMask = 2147483647;
			files = (
			);
			inputFileListPaths = (
				"${PODS_ROOT}/Target Support Files/Pods-FollowersViewCode/Pods-FollowersViewCode-frameworks-${CONFIGURATION}-input-files.xcfilelist",
			);
			name = "[CP] Embed Pods Frameworks";
			outputFileListPaths = (
				"${PODS_ROOT}/Target Support Files/Pods-FollowersViewCode/Pods-FollowersViewCode-frameworks-${CONFIGURATION}-output-files.xcfilelist",
			);
			runOnlyForDeploymentPostprocessing = 0;
			shellPath = /bin/sh;
			shellScript = "\"${PODS_ROOT}/Target Support Files/Pods-FollowersViewCode/Pods-FollowersViewCode-frameworks.sh\"\n";
			showEnvVarsInLog = 0;
		};
		D5BDF1C5C8988A2BD7181A1F /* [CP] Check Pods Manifest.lock */ = {
			isa = PBXShellScriptBuildPhase;
			buildActionMask = 2147483647;
			files = (
			);
			inputFileListPaths = (
			);
			inputPaths = (
				"${PODS_PODFILE_DIR_PATH}/Podfile.lock",
				"${PODS_ROOT}/Manifest.lock",
			);
			name = "[CP] Check Pods Manifest.lock";
			outputFileListPaths = (
			);
			outputPaths = (
				"$(DERIVED_FILE_DIR)/Pods-FollowersViewCode-checkManifestLockResult.txt",
			);
			runOnlyForDeploymentPostprocessing = 0;
			shellPath = /bin/sh;
			shellScript = "diff \"${PODS_PODFILE_DIR_PATH}/Podfile.lock\" \"${PODS_ROOT}/Manifest.lock\" > /dev/null\nif [ $? != 0 ] ; then\n    # print error to STDERR\n    echo \"error: The sandbox is not in sync with the Podfile.lock. Run 'pod install' or update your CocoaPods installation.\" >&2\n    exit 1\nfi\n# This output is used by Xcode 'outputs' to avoid re-running this script phase.\necho \"SUCCESS\" > \"${SCRIPT_OUTPUT_FILE_0}\"\n";
			showEnvVarsInLog = 0;
		};
/* End PBXShellScriptBuildPhase section */

/* Begin PBXSourcesBuildPhase section */
		70D0AABC2610BF1B0045B210 /* Sources */ = {
			isa = PBXSourcesBuildPhase;
			buildActionMask = 2147483647;
			files = (
				70D0AAC82610BF1B0045B210 /* ViewController.swift in Sources */,
				70D0AAC42610BF1B0045B210 /* AppDelegate.swift in Sources */,
				70D0AAC62610BF1B0045B210 /* SceneDelegate.swift in Sources */,
			);
			runOnlyForDeploymentPostprocessing = 0;
		};
/* End PBXSourcesBuildPhase section */

/* Begin PBXVariantGroup section */
		70D0AAC92610BF1B0045B210 /* Main.storyboard */ = {
			isa = PBXVariantGroup;
			children = (
				70D0AACA2610BF1B0045B210 /* Base */,
			);
			name = Main.storyboard;
			sourceTree = "<group>";
		};
		70D0AACE2610BF1C0045B210 /* LaunchScreen.storyboard */ = {
			isa = PBXVariantGroup;
			children = (
				70D0AACF2610BF1C0045B210 /* Base */,
			);
			name = LaunchScreen.storyboard;
			sourceTree = "<group>";
		};
/* End PBXVariantGroup section */

/* Begin XCBuildConfiguration section */
		70D0AAD22610BF1C0045B210 /* Debug */ = {
			isa = XCBuildConfiguration;
			buildSettings = {
				ALWAYS_SEARCH_USER_PATHS = NO;
				CLANG_ANALYZER_NONNULL = YES;
				CLANG_ANALYZER_NUMBER_OBJECT_CONVERSION = YES_AGGRESSIVE;
				CLANG_CXX_LANGUAGE_STANDARD = "gnu++14";
				CLANG_CXX_LIBRARY = "libc++";
				CLANG_ENABLE_MODULES = YES;
				CLANG_ENABLE_OBJC_ARC = YES;
				CLANG_ENABLE_OBJC_WEAK = YES;
				CLANG_WARN_BLOCK_CAPTURE_AUTORELEASING = YES;
				CLANG_WARN_BOOL_CONVERSION = YES;
				CLANG_WARN_COMMA = YES;
				CLANG_WARN_CONSTANT_CONVERSION = YES;
				CLANG_WARN_DEPRECATED_OBJC_IMPLEMENTATIONS = YES;
				CLANG_WARN_DIRECT_OBJC_ISA_USAGE = YES_ERROR;
				CLANG_WARN_DOCUMENTATION_COMMENTS = YES;
				CLANG_WARN_EMPTY_BODY = YES;
				CLANG_WARN_ENUM_CONVERSION = YES;
				CLANG_WARN_INFINITE_RECURSION = YES;
				CLANG_WARN_INT_CONVERSION = YES;
				CLANG_WARN_NON_LITERAL_NULL_CONVERSION = YES;
				CLANG_WARN_OBJC_IMPLICIT_RETAIN_SELF = YES;
				CLANG_WARN_OBJC_LITERAL_CONVERSION = YES;
				CLANG_WARN_OBJC_ROOT_CLASS = YES_ERROR;
				CLANG_WARN_QUOTED_INCLUDE_IN_FRAMEWORK_HEADER = YES;
				CLANG_WARN_RANGE_LOOP_ANALYSIS = YES;
				CLANG_WARN_STRICT_PROTOTYPES = YES;
				CLANG_WARN_SUSPICIOUS_MOVE = YES;
				CLANG_WARN_UNGUARDED_AVAILABILITY = YES_AGGRESSIVE;
				CLANG_WARN_UNREACHABLE_CODE = YES;
				CLANG_WARN__DUPLICATE_METHOD_MATCH = YES;
				COPY_PHASE_STRIP = NO;
				DEBUG_INFORMATION_FORMAT = dwarf;
				ENABLE_STRICT_OBJC_MSGSEND = YES;
				ENABLE_TESTABILITY = YES;
				GCC_C_LANGUAGE_STANDARD = gnu11;
				GCC_DYNAMIC_NO_PIC = NO;
				GCC_NO_COMMON_BLOCKS = YES;
				GCC_OPTIMIZATION_LEVEL = 0;
				GCC_PREPROCESSOR_DEFINITIONS = (
					"DEBUG=1",
					"$(inherited)",
				);
				GCC_WARN_64_TO_32_BIT_CONVERSION = YES;
				GCC_WARN_ABOUT_RETURN_TYPE = YES_ERROR;
				GCC_WARN_UNDECLARED_SELECTOR = YES;
				GCC_WARN_UNINITIALIZED_AUTOS = YES_AGGRESSIVE;
				GCC_WARN_UNUSED_FUNCTION = YES;
				GCC_WARN_UNUSED_VARIABLE = YES;
				IPHONEOS_DEPLOYMENT_TARGET = 14.4;
				MTL_ENABLE_DEBUG_INFO = INCLUDE_SOURCE;
				MTL_FAST_MATH = YES;
				ONLY_ACTIVE_ARCH = YES;
				SDKROOT = iphoneos;
				SWIFT_ACTIVE_COMPILATION_CONDITIONS = DEBUG;
				SWIFT_OPTIMIZATION_LEVEL = "-Onone";
			};
			name = Debug;
		};
		70D0AAD32610BF1C0045B210 /* Release */ = {
			isa = XCBuildConfiguration;
			buildSettings = {
				ALWAYS_SEARCH_USER_PATHS = NO;
				CLANG_ANALYZER_NONNULL = YES;
				CLANG_ANALYZER_NUMBER_OBJECT_CONVERSION = YES_AGGRESSIVE;
				CLANG_CXX_LANGUAGE_STANDARD = "gnu++14";
				CLANG_CXX_LIBRARY = "libc++";
				CLANG_ENABLE_MODULES = YES;
				CLANG_ENABLE_OBJC_ARC = YES;
				CLANG_ENABLE_OBJC_WEAK = YES;
				CLANG_WARN_BLOCK_CAPTURE_AUTORELEASING = YES;
				CLANG_WARN_BOOL_CONVERSION = YES;
				CLANG_WARN_COMMA = YES;
				CLANG_WARN_CONSTANT_CONVERSION = YES;
				CLANG_WARN_DEPRECATED_OBJC_IMPLEMENTATIONS = YES;
				CLANG_WARN_DIRECT_OBJC_ISA_USAGE = YES_ERROR;
				CLANG_WARN_DOCUMENTATION_COMMENTS = YES;
				CLANG_WARN_EMPTY_BODY = YES;
				CLANG_WARN_ENUM_CONVERSION = YES;
				CLANG_WARN_INFINITE_RECURSION = YES;
				CLANG_WARN_INT_CONVERSION = YES;
				CLANG_WARN_NON_LITERAL_NULL_CONVERSION = YES;
				CLANG_WARN_OBJC_IMPLICIT_RETAIN_SELF = YES;
				CLANG_WARN_OBJC_LITERAL_CONVERSION = YES;
				CLANG_WARN_OBJC_ROOT_CLASS = YES_ERROR;
				CLANG_WARN_QUOTED_INCLUDE_IN_FRAMEWORK_HEADER = YES;
				CLANG_WARN_RANGE_LOOP_ANALYSIS = YES;
				CLANG_WARN_STRICT_PROTOTYPES = YES;
				CLANG_WARN_SUSPICIOUS_MOVE = YES;
				CLANG_WARN_UNGUARDED_AVAILABILITY = YES_AGGRESSIVE;
				CLANG_WARN_UNREACHABLE_CODE = YES;
				CLANG_WARN__DUPLICATE_METHOD_MATCH = YES;
				COPY_PHASE_STRIP = NO;
				DEBUG_INFORMATION_FORMAT = "dwarf-with-dsym";
				ENABLE_NS_ASSERTIONS = NO;
				ENABLE_STRICT_OBJC_MSGSEND = YES;
				GCC_C_LANGUAGE_STANDARD = gnu11;
				GCC_NO_COMMON_BLOCKS = YES;
				GCC_WARN_64_TO_32_BIT_CONVERSION = YES;
				GCC_WARN_ABOUT_RETURN_TYPE = YES_ERROR;
				GCC_WARN_UNDECLARED_SELECTOR = YES;
				GCC_WARN_UNINITIALIZED_AUTOS = YES_AGGRESSIVE;
				GCC_WARN_UNUSED_FUNCTION = YES;
				GCC_WARN_UNUSED_VARIABLE = YES;
				IPHONEOS_DEPLOYMENT_TARGET = 14.4;
				MTL_ENABLE_DEBUG_INFO = NO;
				MTL_FAST_MATH = YES;
				SDKROOT = iphoneos;
				SWIFT_COMPILATION_MODE = wholemodule;
				SWIFT_OPTIMIZATION_LEVEL = "-O";
				VALIDATE_PRODUCT = YES;
			};
			name = Release;
		};
		70D0AAD52610BF1C0045B210 /* Debug */ = {
			isa = XCBuildConfiguration;
			baseConfigurationReference = AB33298DE43A689C62FE1799 /* Pods-FollowersViewCode.debug.xcconfig */;
			buildSettings = {
				ASSETCATALOG_COMPILER_APPICON_NAME = AppIcon;
				ASSETCATALOG_COMPILER_GLOBAL_ACCENT_COLOR_NAME = AccentColor;
				CODE_SIGN_STYLE = Automatic;
				INFOPLIST_FILE = FollowersViewCode/Info.plist;
				LD_RUNPATH_SEARCH_PATHS = (
					"$(inherited)",
					"@executable_path/Frameworks",
				);
				PRODUCT_BUNDLE_IDENTIFIER = com.brunadrago.FollowersViewCode;
				PRODUCT_NAME = "$(TARGET_NAME)";
				SWIFT_VERSION = 5.0;
				TARGETED_DEVICE_FAMILY = "1,2";
			};
			name = Debug;
		};
		70D0AAD62610BF1C0045B210 /* Release */ = {
			isa = XCBuildConfiguration;
			baseConfigurationReference = B3087C6ABD0D0FC7E23A5A04 /* Pods-FollowersViewCode.release.xcconfig */;
			buildSettings = {
				ASSETCATALOG_COMPILER_APPICON_NAME = AppIcon;
				ASSETCATALOG_COMPILER_GLOBAL_ACCENT_COLOR_NAME = AccentColor;
				CODE_SIGN_STYLE = Automatic;
				INFOPLIST_FILE = FollowersViewCode/Info.plist;
				LD_RUNPATH_SEARCH_PATHS = (
					"$(inherited)",
					"@executable_path/Frameworks",
				);
				PRODUCT_BUNDLE_IDENTIFIER = com.brunadrago.FollowersViewCode;
				PRODUCT_NAME = "$(TARGET_NAME)";
				SWIFT_VERSION = 5.0;
				TARGETED_DEVICE_FAMILY = "1,2";
			};
			name = Release;
		};
/* End XCBuildConfiguration section */

/* Begin XCConfigurationList section */
		70D0AABB2610BF1B0045B210 /* Build configuration list for PBXProject "FollowersViewCode" */ = {
			isa = XCConfigurationList;
			buildConfigurations = (
				70D0AAD22610BF1C0045B210 /* Debug */,
				70D0AAD32610BF1C0045B210 /* Release */,
			);
			defaultConfigurationIsVisible = 0;
			defaultConfigurationName = Release;
		};
		70D0AAD42610BF1C0045B210 /* Build configuration list for PBXNativeTarget "FollowersViewCode" */ = {
			isa = XCConfigurationList;
			buildConfigurations = (
				70D0AAD52610BF1C0045B210 /* Debug */,
				70D0AAD62610BF1C0045B210 /* Release */,
			);
			defaultConfigurationIsVisible = 0;
			defaultConfigurationName = Release;
		};
/* End XCConfigurationList section */
	};
	rootObject = 70D0AAB82610BF1B0045B210 /* Project object */;
}
